
Microsoft Visual Studio Solution File, Format Version 12.00
# Visual Studio 14
VisualStudioVersion = 14.0.24720.0
MinimumVisualStudioVersion = 10.0.40219.1
Project("{FAE04EC0-301F-11D3-BF4B-00C04F79EFBC}") = "TravelSharing.Web", "Web\TravelSharing.Web\TravelSharing.Web.csproj", "{9C94DFBA-7C35-4A2C-BE28-923D72A4D337}"
EndProject
Project("{2150E333-8FDC-42A3-9474-1A3956D46DE8}") = "Web", "Web", "{F5635CC0-675D-4D9F-9720-325D18A6AD9F}"
EndProject
Project("{2150E333-8FDC-42A3-9474-1A3956D46DE8}") = "Data", "Data", "{4B91D10F-D171-4C8D-8865-73864BACD926}"
EndProject
Project("{FAE04EC0-301F-11D3-BF4B-00C04F79EFBC}") = "TravelSharing.Data", "Data\TravelSharing.Data\TravelSharing.Data.csproj", "{719DE55A-41CC-4116-8D1B-29380F61C38A}"
EndProject
Project("{FAE04EC0-301F-11D3-BF4B-00C04F79EFBC}") = "TravelSharing.Data.Models", "Data\TravelSharing.Data.Models\TravelSharing.Data.Models.csproj", "{0E7CF79D-C1F4-4DA2-B0DE-139A04BEF98C}"
EndProject
Global
	GlobalSection(SolutionConfigurationPlatforms) = preSolution
		Debug|Any CPU = Debug|Any CPU
		Release|Any CPU = Release|Any CPU
	EndGlobalSection
	GlobalSection(ProjectConfigurationPlatforms) = postSolution
		{9C94DFBA-7C35-4A2C-BE28-923D72A4D337}.Debug|Any CPU.ActiveCfg = Debug|Any CPU
		{9C94DFBA-7C35-4A2C-BE28-923D72A4D337}.Debug|Any CPU.Build.0 = Debug|Any CPU
		{9C94DFBA-7C35-4A2C-BE28-923D72A4D337}.Release|Any CPU.ActiveCfg = Release|Any CPU
		{9C94DFBA-7C35-4A2C-BE28-923D72A4D337}.Release|Any CPU.Build.0 = Release|Any CPU
		{719DE55A-41CC-4116-8D1B-29380F61C38A}.Debug|Any CPU.ActiveCfg = Debug|Any CPU
		{719DE55A-41CC-4116-8D1B-29380F61C38A}.Debug|Any CPU.Build.0 = Debug|Any CPU
		{719DE55A-41CC-4116-8D1B-29380F61C38A}.Release|Any CPU.ActiveCfg = Release|Any CPU
		{719DE55A-41CC-4116-8D1B-29380F61C38A}.Release|Any CPU.Build.0 = Release|Any CPU
		{0E7CF79D-C1F4-4DA2-B0DE-139A04BEF98C}.Debug|Any CPU.ActiveCfg = Debug|Any CPU
		{0E7CF79D-C1F4-4DA2-B0DE-139A04BEF98C}.Debug|Any CPU.Build.0 = Debug|Any CPU
		{0E7CF79D-C1F4-4DA2-B0DE-139A04BEF98C}.Release|Any CPU.ActiveCfg = Release|Any CPU
		{0E7CF79D-C1F4-4DA2-B0DE-139A04BEF98C}.Release|Any CPU.Build.0 = Release|Any CPU
	EndGlobalSection
	GlobalSection(SolutionProperties) = preSolution
		HideSolutionNode = FALSE
	EndGlobalSection
	GlobalSection(NestedProjects) = preSolution
		{9C94DFBA-7C35-4A2C-BE28-923D72A4D337} = {F5635CC0-675D-4D9F-9720-325D18A6AD9F}
		{719DE55A-41CC-4116-8D1B-29380F61C38A} = {4B91D10F-D171-4C8D-8865-73864BACD926}
		{0E7CF79D-C1F4-4DA2-B0DE-139A04BEF98C} = {4B91D10F-D171-4C8D-8865-73864BACD926}
	EndGlobalSection
EndGlobal
